// !$*UTF8*$!
{
	archiveVersion = 1;
	classes = {
	};
	objectVersion = 56;
	objects = {

/* Begin PBXBuildFile section */
		FB6CC3892C50F22B00A144E3 /* WidgetTanzamTestApp.swift in Sources */ = {isa = PBXBuildFile; fileRef = FB6CC3882C50F22B00A144E3 /* WidgetTanzamTestApp.swift */; };
		FB6CC38B2C50F22B00A144E3 /* ContentView.swift in Sources */ = {isa = PBXBuildFile; fileRef = FB6CC38A2C50F22B00A144E3 /* ContentView.swift */; };
		FB6CC38D2C50F22C00A144E3 /* Assets.xcassets in Resources */ = {isa = PBXBuildFile; fileRef = FB6CC38C2C50F22C00A144E3 /* Assets.xcassets */; };
		FB6CC3902C50F22C00A144E3 /* Preview Assets.xcassets in Resources */ = {isa = PBXBuildFile; fileRef = FB6CC38F2C50F22C00A144E3 /* Preview Assets.xcassets */; };
		FB6CC39D2C50FA2300A144E3 /* WidgetKit.framework in Frameworks */ = {isa = PBXBuildFile; fileRef = FB6CC39C2C50FA2300A144E3 /* WidgetKit.framework */; };
		FB6CC39F2C50FA2300A144E3 /* SwiftUI.framework in Frameworks */ = {isa = PBXBuildFile; fileRef = FB6CC39E2C50FA2300A144E3 /* SwiftUI.framework */; };
		FB6CC3A22C50FA2300A144E3 /* WidgetTestBundle.swift in Sources */ = {isa = PBXBuildFile; fileRef = FB6CC3A12C50FA2300A144E3 /* WidgetTestBundle.swift */; };
		FB6CC3A42C50FA2300A144E3 /* WidgetTest.swift in Sources */ = {isa = PBXBuildFile; fileRef = FB6CC3A32C50FA2300A144E3 /* WidgetTest.swift */; };
		FB6CC3A62C50FA2500A144E3 /* Assets.xcassets in Resources */ = {isa = PBXBuildFile; fileRef = FB6CC3A52C50FA2500A144E3 /* Assets.xcassets */; };
		FB6CC3AA2C50FA2500A144E3 /* WidgetTestExtension.appex in Embed Foundation Extensions */ = {isa = PBXBuildFile; fileRef = FB6CC39A2C50FA2300A144E3 /* WidgetTestExtension.appex */; settings = {ATTRIBUTES = (RemoveHeadersOnCopy, ); }; };
/* End PBXBuildFile section */

/* Begin PBXContainerItemProxy section */
		FB6CC3A82C50FA2500A144E3 /* PBXContainerItemProxy */ = {
			isa = PBXContainerItemProxy;
			containerPortal = FB6CC37D2C50F22B00A144E3 /* Project object */;
			proxyType = 1;
			remoteGlobalIDString = FB6CC3992C50FA2300A144E3;
			remoteInfo = WidgetTestExtension;
		};
/* End PBXContainerItemProxy section */

/* Begin PBXCopyFilesBuildPhase section */
		FB6CC3AE2C50FA2500A144E3 /* Embed Foundation Extensions */ = {
			isa = PBXCopyFilesBuildPhase;
			buildActionMask = 2147483647;
			dstPath = "";
			dstSubfolderSpec = 13;
			files = (
				FB6CC3AA2C50FA2500A144E3 /* WidgetTestExtension.appex in Embed Foundation Extensions */,
			);
			name = "Embed Foundation Extensions";
			runOnlyForDeploymentPostprocessing = 0;
		};
/* End PBXCopyFilesBuildPhase section */

/* Begin PBXFileReference section */
		FB6CC3852C50F22B00A144E3 /* WidgetTanzamTest.app */ = {isa = PBXFileReference; explicitFileType = wrapper.application; includeInIndex = 0; path = WidgetTanzamTest.app; sourceTree = BUILT_PRODUCTS_DIR; };
		FB6CC3882C50F22B00A144E3 /* WidgetTanzamTestApp.swift */ = {isa = PBXFileReference; lastKnownFileType = sourcecode.swift; path = WidgetTanzamTestApp.swift; sourceTree = "<group>"; };
		FB6CC38A2C50F22B00A144E3 /* ContentView.swift */ = {isa = PBXFileReference; lastKnownFileType = sourcecode.swift; path = ContentView.swift; sourceTree = "<group>"; };
		FB6CC38C2C50F22C00A144E3 /* Assets.xcassets */ = {isa = PBXFileReference; lastKnownFileType = folder.assetcatalog; path = Assets.xcassets; sourceTree = "<group>"; };
		FB6CC38F2C50F22C00A144E3 /* Preview Assets.xcassets */ = {isa = PBXFileReference; lastKnownFileType = folder.assetcatalog; path = "Preview Assets.xcassets"; sourceTree = "<group>"; };
		FB6CC39A2C50FA2300A144E3 /* WidgetTestExtension.appex */ = {isa = PBXFileReference; explicitFileType = "wrapper.app-extension"; includeInIndex = 0; path = WidgetTestExtension.appex; sourceTree = BUILT_PRODUCTS_DIR; };
		FB6CC39C2C50FA2300A144E3 /* WidgetKit.framework */ = {isa = PBXFileReference; lastKnownFileType = wrapper.framework; name = WidgetKit.framework; path = System/Library/Frameworks/WidgetKit.framework; sourceTree = SDKROOT; };
		FB6CC39E2C50FA2300A144E3 /* SwiftUI.framework */ = {isa = PBXFileReference; lastKnownFileType = wrapper.framework; name = SwiftUI.framework; path = System/Library/Frameworks/SwiftUI.framework; sourceTree = SDKROOT; };
		FB6CC3A12C50FA2300A144E3 /* WidgetTestBundle.swift */ = {isa = PBXFileReference; lastKnownFileType = sourcecode.swift; path = WidgetTestBundle.swift; sourceTree = "<group>"; };
		FB6CC3A32C50FA2300A144E3 /* WidgetTest.swift */ = {isa = PBXFileReference; lastKnownFileType = sourcecode.swift; path = WidgetTest.swift; sourceTree = "<group>"; };
		FB6CC3A52C50FA2500A144E3 /* Assets.xcassets */ = {isa = PBXFileReference; lastKnownFileType = folder.assetcatalog; path = Assets.xcassets; sourceTree = "<group>"; };
		FB6CC3A72C50FA2500A144E3 /* Info.plist */ = {isa = PBXFileReference; lastKnownFileType = text.plist.xml; path = Info.plist; sourceTree = "<group>"; };
		FB6CC3AF2C51009600A144E3 /* WidgetTanzamTest.entitlements */ = {isa = PBXFileReference; lastKnownFileType = text.plist.entitlements; path = WidgetTanzamTest.entitlements; sourceTree = "<group>"; };
		FB6CC3B02C51010400A144E3 /* WidgetTestExtension.entitlements */ = {isa = PBXFileReference; lastKnownFileType = text.plist.entitlements; path = WidgetTestExtension.entitlements; sourceTree = "<group>"; };
/* End PBXFileReference section */

/* Begin PBXFrameworksBuildPhase section */
		FB6CC3822C50F22B00A144E3 /* Frameworks */ = {
			isa = PBXFrameworksBuildPhase;
			buildActionMask = 2147483647;
			files = (
			);
			runOnlyForDeploymentPostprocessing = 0;
		};
		FB6CC3972C50FA2300A144E3 /* Frameworks */ = {
			isa = PBXFrameworksBuildPhase;
			buildActionMask = 2147483647;
			files = (
				FB6CC39F2C50FA2300A144E3 /* SwiftUI.framework in Frameworks */,
				FB6CC39D2C50FA2300A144E3 /* WidgetKit.framework in Frameworks */,
			);
			runOnlyForDeploymentPostprocessing = 0;
		};
/* End PBXFrameworksBuildPhase section */

/* Begin PBXGroup section */
		FB6CC37C2C50F22B00A144E3 = {
			isa = PBXGroup;
			children = (
				FB6CC3B02C51010400A144E3 /* WidgetTestExtension.entitlements */,
				FB6CC3872C50F22B00A144E3 /* WidgetTanzamTest */,
				FB6CC3A02C50FA2300A144E3 /* WidgetTest */,
				FB6CC39B2C50FA2300A144E3 /* Frameworks */,
				FB6CC3862C50F22B00A144E3 /* Products */,
			);
			sourceTree = "<group>";
		};
		FB6CC3862C50F22B00A144E3 /* Products */ = {
			isa = PBXGroup;
			children = (
				FB6CC3852C50F22B00A144E3 /* WidgetTanzamTest.app */,
				FB6CC39A2C50FA2300A144E3 /* WidgetTestExtension.appex */,
			);
			name = Products;
			sourceTree = "<group>";
		};
		FB6CC3872C50F22B00A144E3 /* WidgetTanzamTest */ = {
			isa = PBXGroup;
			children = (
				FB6CC3AF2C51009600A144E3 /* WidgetTanzamTest.entitlements */,
				FB6CC3882C50F22B00A144E3 /* WidgetTanzamTestApp.swift */,
				FB6CC38A2C50F22B00A144E3 /* ContentView.swift */,
				FB6CC38C2C50F22C00A144E3 /* Assets.xcassets */,
				FB6CC38E2C50F22C00A144E3 /* Preview Content */,
			);
			path = WidgetTanzamTest;
			sourceTree = "<group>";
		};
		FB6CC38E2C50F22C00A144E3 /* Preview Content */ = {
			isa = PBXGroup;
			children = (
				FB6CC38F2C50F22C00A144E3 /* Preview Assets.xcassets */,
			);
			path = "Preview Content";
			sourceTree = "<group>";
		};
		FB6CC39B2C50FA2300A144E3 /* Frameworks */ = {
			isa = PBXGroup;
			children = (
				FB6CC39C2C50FA2300A144E3 /* WidgetKit.framework */,
				FB6CC39E2C50FA2300A144E3 /* SwiftUI.framework */,
			);
			name = Frameworks;
			sourceTree = "<group>";
		};
		FB6CC3A02C50FA2300A144E3 /* WidgetTest */ = {
			isa = PBXGroup;
			children = (
				FB6CC3A12C50FA2300A144E3 /* WidgetTestBundle.swift */,
				FB6CC3A32C50FA2300A144E3 /* WidgetTest.swift */,
				FB6CC3A52C50FA2500A144E3 /* Assets.xcassets */,
				FB6CC3A72C50FA2500A144E3 /* Info.plist */,
			);
			path = WidgetTest;
			sourceTree = "<group>";
		};
/* End PBXGroup section */

/* Begin PBXNativeTarget section */
		FB6CC3842C50F22B00A144E3 /* WidgetTanzamTest */ = {
			isa = PBXNativeTarget;
			buildConfigurationList = FB6CC3932C50F22C00A144E3 /* Build configuration list for PBXNativeTarget "WidgetTanzamTest" */;
			buildPhases = (
				FB6CC3812C50F22B00A144E3 /* Sources */,
				FB6CC3822C50F22B00A144E3 /* Frameworks */,
				FB6CC3832C50F22B00A144E3 /* Resources */,
				FB6CC3AE2C50FA2500A144E3 /* Embed Foundation Extensions */,
			);
			buildRules = (
			);
			dependencies = (
				FB6CC3A92C50FA2500A144E3 /* PBXTargetDependency */,
			);
			name = WidgetTanzamTest;
			productName = WidgetTanzamTest;
			productReference = FB6CC3852C50F22B00A144E3 /* WidgetTanzamTest.app */;
			productType = "com.apple.product-type.application";
		};
		FB6CC3992C50FA2300A144E3 /* WidgetTestExtension */ = {
			isa = PBXNativeTarget;
			buildConfigurationList = FB6CC3AB2C50FA2500A144E3 /* Build configuration list for PBXNativeTarget "WidgetTestExtension" */;
			buildPhases = (
				FB6CC3962C50FA2300A144E3 /* Sources */,
				FB6CC3972C50FA2300A144E3 /* Frameworks */,
				FB6CC3982C50FA2300A144E3 /* Resources */,
			);
			buildRules = (
			);
			dependencies = (
			);
			name = WidgetTestExtension;
			productName = WidgetTestExtension;
			productReference = FB6CC39A2C50FA2300A144E3 /* WidgetTestExtension.appex */;
			productType = "com.apple.product-type.app-extension";
		};
/* End PBXNativeTarget section */

/* Begin PBXProject section */
		FB6CC37D2C50F22B00A144E3 /* Project object */ = {
			isa = PBXProject;
			attributes = {
				BuildIndependentTargetsInParallel = 1;
				LastSwiftUpdateCheck = 1540;
				LastUpgradeCheck = 1540;
				TargetAttributes = {
					FB6CC3842C50F22B00A144E3 = {
						CreatedOnToolsVersion = 15.4;
					};
					FB6CC3992C50FA2300A144E3 = {
						CreatedOnToolsVersion = 15.4;
					};
				};
			};
			buildConfigurationList = FB6CC3802C50F22B00A144E3 /* Build configuration list for PBXProject "WidgetTanzamTest" */;
			compatibilityVersion = "Xcode 14.0";
			developmentRegion = en;
			hasScannedForEncodings = 0;
			knownRegions = (
				en,
				Base,
			);
			mainGroup = FB6CC37C2C50F22B00A144E3;
			productRefGroup = FB6CC3862C50F22B00A144E3 /* Products */;
			projectDirPath = "";
			projectRoot = "";
			targets = (
				FB6CC3842C50F22B00A144E3 /* WidgetTanzamTest */,
				FB6CC3992C50FA2300A144E3 /* WidgetTestExtension */,
			);
		};
/* End PBXProject section */

/* Begin PBXResourcesBuildPhase section */
		FB6CC3832C50F22B00A144E3 /* Resources */ = {
			isa = PBXResourcesBuildPhase;
			buildActionMask = 2147483647;
			files = (
				FB6CC3902C50F22C00A144E3 /* Preview Assets.xcassets in Resources */,
				FB6CC38D2C50F22C00A144E3 /* Assets.xcassets in Resources */,
			);
			runOnlyForDeploymentPostprocessing = 0;
		};
		FB6CC3982C50FA2300A144E3 /* Resources */ = {
			isa = PBXResourcesBuildPhase;
			buildActionMask = 2147483647;
			files = (
				FB6CC3A62C50FA2500A144E3 /* Assets.xcassets in Resources */,
			);
			runOnlyForDeploymentPostprocessing = 0;
		};
/* End PBXResourcesBuildPhase section */

/* Begin PBXSourcesBuildPhase section */
		FB6CC3812C50F22B00A144E3 /* Sources */ = {
			isa = PBXSourcesBuildPhase;
			buildActionMask = 2147483647;
			files = (
				FB6CC38B2C50F22B00A144E3 /* ContentView.swift in Sources */,
				FB6CC3892C50F22B00A144E3 /* WidgetTanzamTestApp.swift in Sources */,
			);
			runOnlyForDeploymentPostprocessing = 0;
		};
		FB6CC3962C50FA2300A144E3 /* Sources */ = {
			isa = PBXSourcesBuildPhase;
			buildActionMask = 2147483647;
			files = (
				FB6CC3A22C50FA2300A144E3 /* WidgetTestBundle.swift in Sources */,
				FB6CC3A42C50FA2300A144E3 /* WidgetTest.swift in Sources */,
			);
			runOnlyForDeploymentPostprocessing = 0;
		};
/* End PBXSourcesBuildPhase section */

/* Begin PBXTargetDependency section */
		FB6CC3A92C50FA2500A144E3 /* PBXTargetDependency */ = {
			isa = PBXTargetDependency;
			target = FB6CC3992C50FA2300A144E3 /* WidgetTestExtension */;
			targetProxy = FB6CC3A82C50FA2500A144E3 /* PBXContainerItemProxy */;
		};
/* End PBXTargetDependency section */

/* Begin XCBuildConfiguration section */
		FB6CC3912C50F22C00A144E3 /* Debug */ = {
			isa = XCBuildConfiguration;
			buildSettings = {
				ALWAYS_SEARCH_USER_PATHS = NO;
				ASSETCATALOG_COMPILER_GENERATE_SWIFT_ASSET_SYMBOL_EXTENSIONS = YES;
				CLANG_ANALYZER_NONNULL = YES;
				CLANG_ANALYZER_NUMBER_OBJECT_CONVERSION = YES_AGGRESSIVE;
				CLANG_CXX_LANGUAGE_STANDARD = "gnu++20";
				CLANG_ENABLE_MODULES = YES;
				CLANG_ENABLE_OBJC_ARC = YES;
				CLANG_ENABLE_OBJC_WEAK = YES;
				CLANG_WARN_BLOCK_CAPTURE_AUTORELEASING = YES;
				CLANG_WARN_BOOL_CONVERSION = YES;
				CLANG_WARN_COMMA = YES;
				CLANG_WARN_CONSTANT_CONVERSION = YES;
				CLANG_WARN_DEPRECATED_OBJC_IMPLEMENTATIONS = YES;
				CLANG_WARN_DIRECT_OBJC_ISA_USAGE = YES_ERROR;
				CLANG_WARN_DOCUMENTATION_COMMENTS = YES;
				CLANG_WARN_EMPTY_BODY = YES;
				CLANG_WARN_ENUM_CONVERSION = YES;
				CLANG_WARN_INFINITE_RECURSION = YES;
				CLANG_WARN_INT_CONVERSION = YES;
				CLANG_WARN_NON_LITERAL_NULL_CONVERSION = YES;
				CLANG_WARN_OBJC_IMPLICIT_RETAIN_SELF = YES;
				CLANG_WARN_OBJC_LITERAL_CONVERSION = YES;
				CLANG_WARN_OBJC_ROOT_CLASS = YES_ERROR;
				CLANG_WARN_QUOTED_INCLUDE_IN_FRAMEWORK_HEADER = YES;
				CLANG_WARN_RANGE_LOOP_ANALYSIS = YES;
				CLANG_WARN_STRICT_PROTOTYPES = YES;
				CLANG_WARN_SUSPICIOUS_MOVE = YES;
				CLANG_WARN_UNGUARDED_AVAILABILITY = YES_AGGRESSIVE;
				CLANG_WARN_UNREACHABLE_CODE = YES;
				CLANG_WARN__DUPLICATE_METHOD_MATCH = YES;
				COPY_PHASE_STRIP = NO;
				DEBUG_INFORMATION_FORMAT = dwarf;
				ENABLE_STRICT_OBJC_MSGSEND = YES;
				ENABLE_TESTABILITY = YES;
				ENABLE_USER_SCRIPT_SANDBOXING = YES;
				GCC_C_LANGUAGE_STANDARD = gnu17;
				GCC_DYNAMIC_NO_PIC = NO;
				GCC_NO_COMMON_BLOCKS = YES;
				GCC_OPTIMIZATION_LEVEL = 0;
				GCC_PREPROCESSOR_DEFINITIONS = (
					"DEBUG=1",
					"$(inherited)",
				);
				GCC_WARN_64_TO_32_BIT_CONVERSION = YES;
				GCC_WARN_ABOUT_RETURN_TYPE = YES_ERROR;
				GCC_WARN_UNDECLARED_SELECTOR = YES;
				GCC_WARN_UNINITIALIZED_AUTOS = YES_AGGRESSIVE;
				GCC_WARN_UNUSED_FUNCTION = YES;
				GCC_WARN_UNUSED_VARIABLE = YES;
				IPHONEOS_DEPLOYMENT_TARGET = 17.5;
				LOCALIZATION_PREFERS_STRING_CATALOGS = YES;
				MTL_ENABLE_DEBUG_INFO = INCLUDE_SOURCE;
				MTL_FAST_MATH = YES;
				ONLY_ACTIVE_ARCH = YES;
				SDKROOT = iphoneos;
				SWIFT_ACTIVE_COMPILATION_CONDITIONS = "DEBUG $(inherited)";
				SWIFT_OPTIMIZATION_LEVEL = "-Onone";
			};
			name = Debug;
		};
		FB6CC3922C50F22C00A144E3 /* Release */ = {
			isa = XCBuildConfiguration;
			buildSettings = {
				ALWAYS_SEARCH_USER_PATHS = NO;
				ASSETCATALOG_COMPILER_GENERATE_SWIFT_ASSET_SYMBOL_EXTENSIONS = YES;
				CLANG_ANALYZER_NONNULL = YES;
				CLANG_ANALYZER_NUMBER_OBJECT_CONVERSION = YES_AGGRESSIVE;
				CLANG_CXX_LANGUAGE_STANDARD = "gnu++20";
				CLANG_ENABLE_MODULES = YES;
				CLANG_ENABLE_OBJC_ARC = YES;
				CLANG_ENABLE_OBJC_WEAK = YES;
				CLANG_WARN_BLOCK_CAPTURE_AUTORELEASING = YES;
				CLANG_WARN_BOOL_CONVERSION = YES;
				CLANG_WARN_COMMA = YES;
				CLANG_WARN_CONSTANT_CONVERSION = YES;
				CLANG_WARN_DEPRECATED_OBJC_IMPLEMENTATIONS = YES;
				CLANG_WARN_DIRECT_OBJC_ISA_USAGE = YES_ERROR;
				CLANG_WARN_DOCUMENTATION_COMMENTS = YES;
				CLANG_WARN_EMPTY_BODY = YES;
				CLANG_WARN_ENUM_CONVERSION = YES;
				CLANG_WARN_INFINITE_RECURSION = YES;
				CLANG_WARN_INT_CONVERSION = YES;
				CLANG_WARN_NON_LITERAL_NULL_CONVERSION = YES;
				CLANG_WARN_OBJC_IMPLICIT_RETAIN_SELF = YES;
				CLANG_WARN_OBJC_LITERAL_CONVERSION = YES;
				CLANG_WARN_OBJC_ROOT_CLASS = YES_ERROR;
				CLANG_WARN_QUOTED_INCLUDE_IN_FRAMEWORK_HEADER = YES;
				CLANG_WARN_RANGE_LOOP_ANALYSIS = YES;
				CLANG_WARN_STRICT_PROTOTYPES = YES;
				CLANG_WARN_SUSPICIOUS_MOVE = YES;
				CLANG_WARN_UNGUARDED_AVAILABILITY = YES_AGGRESSIVE;
				CLANG_WARN_UNREACHABLE_CODE = YES;
				CLANG_WARN__DUPLICATE_METHOD_MATCH = YES;
				COPY_PHASE_STRIP = NO;
				DEBUG_INFORMATION_FORMAT = "dwarf-with-dsym";
				ENABLE_NS_ASSERTIONS = NO;
				ENABLE_STRICT_OBJC_MSGSEND = YES;
				ENABLE_USER_SCRIPT_SANDBOXING = YES;
				GCC_C_LANGUAGE_STANDARD = gnu17;
				GCC_NO_COMMON_BLOCKS = YES;
				GCC_WARN_64_TO_32_BIT_CONVERSION = YES;
				GCC_WARN_ABOUT_RETURN_TYPE = YES_ERROR;
				GCC_WARN_UNDECLARED_SELECTOR = YES;
				GCC_WARN_UNINITIALIZED_AUTOS = YES_AGGRESSIVE;
				GCC_WARN_UNUSED_FUNCTION = YES;
				GCC_WARN_UNUSED_VARIABLE = YES;
				IPHONEOS_DEPLOYMENT_TARGET = 17.5;
				LOCALIZATION_PREFERS_STRING_CATALOGS = YES;
				MTL_ENABLE_DEBUG_INFO = NO;
				MTL_FAST_MATH = YES;
				SDKROOT = iphoneos;
				SWIFT_COMPILATION_MODE = wholemodule;
				VALIDATE_PRODUCT = YES;
			};
			name = Release;
		};
		FB6CC3942C50F22C00A144E3 /* Debug */ = {
			isa = XCBuildConfiguration;
			buildSettings = {
				ALWAYS_EMBED_SWIFT_STANDARD_LIBRARIES = YES;
				ASSETCATALOG_COMPILER_APPICON_NAME = AppIcon;
				ASSETCATALOG_COMPILER_GLOBAL_ACCENT_COLOR_NAME = AccentColor;
				CODE_SIGN_ENTITLEMENTS = WidgetTanzamTest/WidgetTanzamTest.entitlements;
				CODE_SIGN_STYLE = Automatic;
				CURRENT_PROJECT_VERSION = 1;
				DEVELOPMENT_ASSET_PATHS = "\"WidgetTanzamTest/Preview Content\"";
				DEVELOPMENT_TEAM = N28L9FHHL4;
				ENABLE_PREVIEWS = YES;
				GENERATE_INFOPLIST_FILE = YES;
				INFOPLIST_KEY_UIApplicationSceneManifest_Generation = YES;
				INFOPLIST_KEY_UIApplicationSupportsIndirectInputEvents = YES;
				INFOPLIST_KEY_UILaunchScreen_Generation = YES;
				INFOPLIST_KEY_UISupportedInterfaceOrientations_iPad = "UIInterfaceOrientationPortrait UIInterfaceOrientationPortraitUpsideDown UIInterfaceOrientationLandscapeLeft UIInterfaceOrientationLandscapeRight";
				INFOPLIST_KEY_UISupportedInterfaceOrientations_iPhone = "UIInterfaceOrientationPortrait UIInterfaceOrientationLandscapeLeft UIInterfaceOrientationLandscapeRight";
				IPHONEOS_DEPLOYMENT_TARGET = 15.5;
				LD_RUNPATH_SEARCH_PATHS = (
					"$(inherited)",
					"@executable_path/Frameworks",
				);
				MARKETING_VERSION = 1.0;
				PRODUCT_BUNDLE_IDENTIFIER = com.hayate.dev.WidgetTanzamTest;
				PRODUCT_NAME = "$(TARGET_NAME)";
				SWIFT_EMIT_LOC_STRINGS = YES;
				SWIFT_VERSION = 5.0;
				TARGETED_DEVICE_FAMILY = "1,2";
			};
			name = Debug;
		};
		FB6CC3952C50F22C00A144E3 /* Release */ = {
			isa = XCBuildConfiguration;
			buildSettings = {
				ALWAYS_EMBED_SWIFT_STANDARD_LIBRARIES = YES;
				ASSETCATALOG_COMPILER_APPICON_NAME = AppIcon;
				ASSETCATALOG_COMPILER_GLOBAL_ACCENT_COLOR_NAME = AccentColor;
				CODE_SIGN_ENTITLEMENTS = WidgetTanzamTest/WidgetTanzamTest.entitlements;
				CODE_SIGN_STYLE = Automatic;
				CURRENT_PROJECT_VERSION = 1;
				DEVELOPMENT_ASSET_PATHS = "\"WidgetTanzamTest/Preview Content\"";
				DEVELOPMENT_TEAM = N28L9FHHL4;
				ENABLE_PREVIEWS = YES;
				GENERATE_INFOPLIST_FILE = YES;
				INFOPLIST_KEY_UIApplicationSceneManifest_Generation = YES;
				INFOPLIST_KEY_UIApplicationSupportsIndirectInputEvents = YES;
				INFOPLIST_KEY_UILaunchScreen_Generation = YES;
				INFOPLIST_KEY_UISupportedInterfaceOrientations_iPad = "UIInterfaceOrientationPortrait UIInterfaceOrientationPortraitUpsideDown UIInterfaceOrientationLandscapeLeft UIInterfaceOrientationLandscapeRight";
				INFOPLIST_KEY_UISupportedInterfaceOrientations_iPhone = "UIInterfaceOrientationPortrait UIInterfaceOrientationLandscapeLeft UIInterfaceOrientationLandscapeRight";
				IPHONEOS_DEPLOYMENT_TARGET = 15.5;
				LD_RUNPATH_SEARCH_PATHS = (
					"$(inherited)",
					"@executable_path/Frameworks",
				);
				MARKETING_VERSION = 1.0;
				PRODUCT_BUNDLE_IDENTIFIER = com.hayate.dev.WidgetTanzamTest;
				PRODUCT_NAME = "$(TARGET_NAME)";
				SWIFT_EMIT_LOC_STRINGS = YES;
				SWIFT_VERSION = 5.0;
				TARGETED_DEVICE_FAMILY = "1,2";
			};
			name = Release;
		};
		FB6CC3AC2C50FA2500A144E3 /* Debug */ = {
			isa = XCBuildConfiguration;
			buildSettings = {
				ASSETCATALOG_COMPILER_GLOBAL_ACCENT_COLOR_NAME = AccentColor;
				ASSETCATALOG_COMPILER_WIDGET_BACKGROUND_COLOR_NAME = WidgetBackground;
				CODE_SIGN_ENTITLEMENTS = WidgetTestExtension.entitlements;
				CODE_SIGN_STYLE = Automatic;
				CURRENT_PROJECT_VERSION = 1;
				DEVELOPMENT_TEAM = N28L9FHHL4;
				GENERATE_INFOPLIST_FILE = YES;
				INFOPLIST_FILE = WidgetTest/Info.plist;
				INFOPLIST_KEY_CFBundleDisplayName = WidgetTest;
				INFOPLIST_KEY_NSHumanReadableCopyright = "";
				IPHONEOS_DEPLOYMENT_TARGET = 15.5;
				LD_RUNPATH_SEARCH_PATHS = (
					"$(inherited)",
					"@executable_path/Frameworks",
					"@executable_path/../../Frameworks",
				);
				MARKETING_VERSION = 1.0;
				PRODUCT_BUNDLE_IDENTIFIER = com.hayate.dev.WidgetTanzamTest.WidgetTest;
				PRODUCT_NAME = "$(TARGET_NAME)";
				SKIP_INSTALL = YES;
				SWIFT_EMIT_LOC_STRINGS = YES;
				SWIFT_VERSION = 5.0;
				TARGETED_DEVICE_FAMILY = "1,2";
			};
			name = Debug;
		};
		FB6CC3AD2C50FA2500A144E3 /* Release */ = {
			isa = XCBuildConfiguration;
			buildSettings = {
				ASSETCATALOG_COMPILER_GLOBAL_ACCENT_COLOR_NAME = AccentColor;
				ASSETCATALOG_COMPILER_WIDGET_BACKGROUND_COLOR_NAME = WidgetBackground;
				CODE_SIGN_ENTITLEMENTS = WidgetTestExtension.entitlements;
				CODE_SIGN_STYLE = Automatic;
				CURRENT_PROJECT_VERSION = 1;
				DEVELOPMENT_TEAM = N28L9FHHL4;
				GENERATE_INFOPLIST_FILE = YES;
				INFOPLIST_FILE = WidgetTest/Info.plist;
				INFOPLIST_KEY_CFBundleDisplayName = WidgetTest;
				INFOPLIST_KEY_NSHumanReadableCopyright = "";
				IPHONEOS_DEPLOYMENT_TARGET = 15.5;
				LD_RUNPATH_SEARCH_PATHS = (
					"$(inherited)",
					"@executable_path/Frameworks",
					"@executable_path/../../Frameworks",
				);
				MARKETING_VERSION = 1.0;
				PRODUCT_BUNDLE_IDENTIFIER = com.hayate.dev.WidgetTanzamTest.WidgetTest;
				PRODUCT_NAME = "$(TARGET_NAME)";
				SKIP_INSTALL = YES;
				SWIFT_EMIT_LOC_STRINGS = YES;
				SWIFT_VERSION = 5.0;
				TARGETED_DEVICE_FAMILY = "1,2";
			};
			name = Release;
		};
/* End XCBuildConfiguration section */

/* Begin XCConfigurationList section */
		FB6CC3802C50F22B00A144E3 /* Build configuration list for PBXProject "WidgetTanzamTest" */ = {
			isa = XCConfigurationList;
			buildConfigurations = (
				FB6CC3912C50F22C00A144E3 /* Debug */,
				FB6CC3922C50F22C00A144E3 /* Release */,
			);
			defaultConfigurationIsVisible = 0;
			defaultConfigurationName = Release;
		};
		FB6CC3932C50F22C00A144E3 /* Build configuration list for PBXNativeTarget "WidgetTanzamTest" */ = {
			isa = XCConfigurationList;
			buildConfigurations = (
				FB6CC3942C50F22C00A144E3 /* Debug */,
				FB6CC3952C50F22C00A144E3 /* Release */,
			);
			defaultConfigurationIsVisible = 0;
			defaultConfigurationName = Release;
		};
		FB6CC3AB2C50FA2500A144E3 /* Build configuration list for PBXNativeTarget "WidgetTestExtension" */ = {
			isa = XCConfigurationList;
			buildConfigurations = (
				FB6CC3AC2C50FA2500A144E3 /* Debug */,
				FB6CC3AD2C50FA2500A144E3 /* Release */,
			);
			defaultConfigurationIsVisible = 0;
			defaultConfigurationName = Release;
		};
/* End XCConfigurationList section */
	};
	rootObject = FB6CC37D2C50F22B00A144E3 /* Project object */;
}
